
Microsoft Visual Studio Solution File, Format Version 12.00
# Visual Studio Version 16
VisualStudioVersion = 16.0.30804.86
MinimumVisualStudioVersion = 10.0.40219.1
Project("{FAE04EC0-301F-11D3-BF4B-00C04F79EFBC}") = "test", "test\test.csproj", "{A5648A86-8971-41BE-AEB6-BC422C07EB6F}"
EndProject
Global
	GlobalSection(SolutionConfigurationPlatforms) = preSolution
		Debug|Any CPU = Debug|Any CPU
		Release|Any CPU = Release|Any CPU
	EndGlobalSection
	GlobalSection(ProjectConfigurationPlatforms) = postSolution
		{A5648A86-8971-41BE-AEB6-BC422C07EB6F}.Debug|Any CPU.ActiveCfg = Debug|Any CPU
		{A5648A86-8971-41BE-AEB6-BC422C07EB6F}.Debug|Any CPU.Build.0 = Debug|Any CPU
		{A5648A86-8971-41BE-AEB6-BC422C07EB6F}.Release|Any CPU.ActiveCfg = Release|Any CPU
		{A5648A86-8971-41BE-AEB6-BC422C07EB6F}.Release|Any CPU.Build.0 = Release|Any CPU
	EndGlobalSection
	GlobalSection(SolutionProperties) = preSolution
		HideSolutionNode = FALSE
	EndGlobalSection
	GlobalSection(ExtensibilityGlobals) = postSolution
		SolutionGuid = {39F3CA46-0A5A-4F61-B636-58FB9EC12DF7}
	EndGlobalSection
EndGlobal
